
Microsoft Visual Studio Solution File, Format Version 12.00
# Visual Studio 15
Project("{FAE04EC0-301F-11D3-BF4B-00C04F79EFBC}") = "UnityEngine.TestRunner", "UnityEngine.TestRunner.csproj", "{60C52ECB-040C-1D69-2FB4-57B8E5566BD6}"
EndProject
Project("{FAE04EC0-301F-11D3-BF4B-00C04F79EFBC}") = "Unity.Mathematics", "Unity.Mathematics.csproj", "{AAC0B65C-7C24-2963-60CC-4A83C34285D1}"
EndProject
Project("{FAE04EC0-301F-11D3-BF4B-00C04F79EFBC}") = "Unity.2D.Animation.Triangle.Runtime", "Unity.2D.Animation.Triangle.Runtime.csproj", "{4903C4EE-17AF-7B33-6486-3EEC6C8E63C3}"
EndProject
Project("{FAE04EC0-301F-11D3-BF4B-00C04F79EFBC}") = "Unity.Timeline", "Unity.Timeline.csproj", "{BD073BAA-9B50-F79B-0094-12614B8BBAFC}"
EndProject
Project("{FAE04EC0-301F-11D3-BF4B-00C04F79EFBC}") = "UnityEngine.UI", "UnityEngine.UI.csproj", "{45DBC891-9FBF-12CD-D12C-BEBB22343868}"
EndProject
Project("{FAE04EC0-301F-11D3-BF4B-00C04F79EFBC}") = "Unity.TextMeshPro", "Unity.TextMeshPro.csproj", "{F99DCCD4-1FAF-5718-879E-0503E781A15D}"
EndProject
Project("{FAE04EC0-301F-11D3-BF4B-00C04F79EFBC}") = "Unity.2D.Animation.Runtime", "Unity.2D.Animation.Runtime.csproj", "{1D0A060C-5508-6994-0B1E-64E0269268FD}"
EndProject
Project("{FAE04EC0-301F-11D3-BF4B-00C04F79EFBC}") = "Unity.2D.IK.Runtime", "Unity.2D.IK.Runtime.csproj", "{9DA68F3F-62D6-28A3-F20A-43E6966CF49A}"
EndProject
Project("{FAE04EC0-301F-11D3-BF4B-00C04F79EFBC}") = "Unity.2D.SpriteShape.Runtime", "Unity.2D.SpriteShape.Runtime.csproj", "{95929246-E76C-632B-B3BA-847D20507D06}"
EndProject
Project("{FAE04EC0-301F-11D3-BF4B-00C04F79EFBC}") = "Assembly-CSharp", "Assembly-CSharp.csproj", "{E6BC53B9-6D72-7440-6839-421835A04C2D}"
EndProject
Project("{FAE04EC0-301F-11D3-BF4B-00C04F79EFBC}") = "Unity.2D.PixelPerfect", "Unity.2D.PixelPerfect.csproj", "{0953768F-6752-170C-9730-95647A5A4A46}"
EndProject
Project("{FAE04EC0-301F-11D3-BF4B-00C04F79EFBC}") = "Unity.2D.Common.Runtime", "Unity.2D.Common.Runtime.csproj", "{78F887DF-994E-FCDA-7FCE-C88A764FA10C}"
EndProject
Project("{FAE04EC0-301F-11D3-BF4B-00C04F79EFBC}") = "Unity.InternalAPIEngineBridge.001", "Unity.InternalAPIEngineBridge.001.csproj", "{C51912B3-DF2F-C59F-6218-57F2128CBEE2}"
EndProject
Project("{FAE04EC0-301F-11D3-BF4B-00C04F79EFBC}") = "UnityEditor.TestRunner", "UnityEditor.TestRunner.csproj", "{43621768-49CB-DCA7-6176-054D3CEFFEDD}"
EndProject
Project("{FAE04EC0-301F-11D3-BF4B-00C04F79EFBC}") = "Unity.PlasticSCM.Editor", "Unity.PlasticSCM.Editor.csproj", "{4488E1CB-43FE-7D94-F37F-2A0258060AE9}"
EndProject
Project("{FAE04EC0-301F-11D3-BF4B-00C04F79EFBC}") = "UnityEditor.UI", "UnityEditor.UI.csproj", "{9D3AC46E-FBD1-D8A7-B722-3AF79F1A50FC}"
EndProject
Project("{FAE04EC0-301F-11D3-BF4B-00C04F79EFBC}") = "Unity.Services.Core.Editor", "Unity.Services.Core.Editor.csproj", "{6A5890E8-1F6F-B82F-10CA-A84085E61820}"
EndProject
Project("{FAE04EC0-301F-11D3-BF4B-00C04F79EFBC}") = "Unity.Timeline.Editor", "Unity.Timeline.Editor.csproj", "{BA299067-5DEB-5122-28B8-0E0155BF7181}"
EndProject
Project("{FAE04EC0-301F-11D3-BF4B-00C04F79EFBC}") = "Unity.VisualStudio.Editor", "Unity.VisualStudio.Editor.csproj", "{818FD56A-9F8F-43D1-A94B-4496E7A2C8C5}"
EndProject
Project("{FAE04EC0-301F-11D3-BF4B-00C04F79EFBC}") = "Unity.2D.Psdimporter.Editor", "Unity.2D.Psdimporter.Editor.csproj", "{CB2CD600-3D42-E27B-B921-82BA85FA07A6}"
EndProject
Project("{FAE04EC0-301F-11D3-BF4B-00C04F79EFBC}") = "Unity.2D.Animation.Editor", "Unity.2D.Animation.Editor.csproj", "{EC097E64-5B80-113E-D31F-E13196E3DD36}"
EndProject
Project("{FAE04EC0-301F-11D3-BF4B-00C04F79EFBC}") = "Unity.TextMeshPro.Editor", "Unity.TextMeshPro.Editor.csproj", "{F139EB27-8F14-132B-ACFC-DA87FFBA97E7}"
EndProject
Project("{FAE04EC0-301F-11D3-BF4B-00C04F79EFBC}") = "Unity.2D.SpriteShape.Editor", "Unity.2D.SpriteShape.Editor.csproj", "{3B7FBBB2-DDAD-28B9-B703-4DE7FB058E02}"
EndProject
Project("{FAE04EC0-301F-11D3-BF4B-00C04F79EFBC}") = "Unity.CollabProxy.Editor", "Unity.CollabProxy.Editor.csproj", "{C266C92D-5300-089E-4EE1-826EC5409405}"
EndProject
Project("{FAE04EC0-301F-11D3-BF4B-00C04F79EFBC}") = "PsdPlugin", "PsdPlugin.csproj", "{A60BF68A-CCF9-0BF6-F381-F88E43A7872E}"
EndProject
Project("{FAE04EC0-301F-11D3-BF4B-00C04F79EFBC}") = "Unity.2D.Path.Editor", "Unity.2D.Path.Editor.csproj", "{16F73C35-53CD-7811-1DE5-FBE3F74E8239}"
EndProject
Project("{FAE04EC0-301F-11D3-BF4B-00C04F79EFBC}") = "Unity.Rider.Editor", "Unity.Rider.Editor.csproj", "{74F95A2E-CBF5-CDEE-F02A-2ACADA61231E}"
EndProject
Project("{FAE04EC0-301F-11D3-BF4B-00C04F79EFBC}") = "Unity.2D.IK.Editor", "Unity.2D.IK.Editor.csproj", "{3273AA32-5F00-983A-1BCA-A8DD8DBE9AC8}"
EndProject
Project("{FAE04EC0-301F-11D3-BF4B-00C04F79EFBC}") = "Unity.2D.Sprite.Editor", "Unity.2D.Sprite.Editor.csproj", "{F012EE01-4EFF-B350-C812-1B8DC04179E2}"
EndProject
Project("{FAE04EC0-301F-11D3-BF4B-00C04F79EFBC}") = "Unity.2D.Tilemap.Editor", "Unity.2D.Tilemap.Editor.csproj", "{6A53A0BB-4A75-5DE4-3C1D-B3A70C6521A3}"
EndProject
Project("{FAE04EC0-301F-11D3-BF4B-00C04F79EFBC}") = "Unity.2D.PixelPerfect.Editor", "Unity.2D.PixelPerfect.Editor.csproj", "{E01B76B2-309B-418D-E656-7929D03265FC}"
EndProject
Project("{FAE04EC0-301F-11D3-BF4B-00C04F79EFBC}") = "Unity.VSCode.Editor", "Unity.VSCode.Editor.csproj", "{DED9C9E2-D953-B694-42B6-E0D2921182ED}"
EndProject
Project("{FAE04EC0-301F-11D3-BF4B-00C04F79EFBC}") = "Unity.2D.Common.Editor", "Unity.2D.Common.Editor.csproj", "{16B54907-CBFF-C275-466F-5D3788873ABA}"
EndProject
Project("{FAE04EC0-301F-11D3-BF4B-00C04F79EFBC}") = "Unity.Mathematics.Editor", "Unity.Mathematics.Editor.csproj", "{31EF6C00-D93A-9E96-0E5A-8960A6BC2895}"
EndProject
Project("{FAE04EC0-301F-11D3-BF4B-00C04F79EFBC}") = "Unity.InternalAPIEditorBridge.001", "Unity.InternalAPIEditorBridge.001.csproj", "{D8A4D501-B017-5531-3890-311054EFE020}"
EndProject
Project("{FAE04EC0-301F-11D3-BF4B-00C04F79EFBC}") = "UnityEngine.TestRunner", "UnityEngine.TestRunner.Player.csproj", "{9E69D349-8C69-025A-46A0-4ACF9D087F06}"
EndProject
Project("{FAE04EC0-301F-11D3-BF4B-00C04F79EFBC}") = "Unity.Mathematics", "Unity.Mathematics.Player.csproj", "{35762CB4-C23C-406C-E36B-828DD8A1352C}"
EndProject
Project("{FAE04EC0-301F-11D3-BF4B-00C04F79EFBC}") = "Unity.2D.Animation.Triangle.Runtime", "Unity.2D.Animation.Triangle.Runtime.Player.csproj", "{F29E3210-77A4-8ECE-02AA-0CFD0AE91E63}"
EndProject
Project("{FAE04EC0-301F-11D3-BF4B-00C04F79EFBC}") = "Unity.Timeline", "Unity.Timeline.Player.csproj", "{5197F39A-F97F-D535-040D-2C80AFAE127C}"
EndProject
Project("{FAE04EC0-301F-11D3-BF4B-00C04F79EFBC}") = "UnityEngine.UI", "UnityEngine.UI.Player.csproj", "{ABE3FD35-86A5-2EB2-293C-8CEBBBEE41BA}"
EndProject
Project("{FAE04EC0-301F-11D3-BF4B-00C04F79EFBC}") = "Unity.TextMeshPro", "Unity.TextMeshPro.Player.csproj", "{95B32CE3-87A5-C51D-20BB-9F2719085FB5}"
EndProject
Project("{FAE04EC0-301F-11D3-BF4B-00C04F79EFBC}") = "Unity.2D.Animation.Runtime", "Unity.2D.Animation.Runtime.Player.csproj", "{A462ED81-2ED3-6BD2-4CF9-1D1631B533A2}"
EndProject
Project("{FAE04EC0-301F-11D3-BF4B-00C04F79EFBC}") = "Unity.2D.IK.Runtime", "Unity.2D.IK.Runtime.Player.csproj", "{485D86C2-EE77-2577-8C94-530DAF9E9DAE}"
EndProject
Project("{FAE04EC0-301F-11D3-BF4B-00C04F79EFBC}") = "Unity.2D.SpriteShape.Runtime", "Unity.2D.SpriteShape.Runtime.Player.csproj", "{9A3A0756-C746-B3C9-5818-9EABEBCE0E0C}"
EndProject
Project("{FAE04EC0-301F-11D3-BF4B-00C04F79EFBC}") = "Assembly-CSharp", "Assembly-CSharp.Player.csproj", "{70DC5A54-C837-4EEE-D212-A5D272876B63}"
EndProject
Project("{FAE04EC0-301F-11D3-BF4B-00C04F79EFBC}") = "Unity.2D.PixelPerfect", "Unity.2D.PixelPerfect.Player.csproj", "{77F58E5F-D243-F681-C5B1-6EE33FF17008}"
EndProject
Project("{FAE04EC0-301F-11D3-BF4B-00C04F79EFBC}") = "Unity.2D.Common.Runtime", "Unity.2D.Common.Runtime.Player.csproj", "{2DDEAE63-0A6C-D5F5-B139-9D9117961FBB}"
EndProject
Project("{FAE04EC0-301F-11D3-BF4B-00C04F79EFBC}") = "Unity.InternalAPIEngineBridge.001", "Unity.InternalAPIEngineBridge.001.Player.csproj", "{9F3008E3-7024-F43A-B932-9DECBD11459D}"
EndProject
Global
	GlobalSection(SolutionConfigurationPlatforms) = preSolution
		Debug|Any CPU = Debug|Any CPU
		Release|Any CPU = Release|Any CPU
	EndGlobalSection
	GlobalSection(ProjectConfigurationPlatforms) = postSolution
		{60C52ECB-040C-1D69-2FB4-57B8E5566BD6}.Debug|Any CPU.ActiveCfg = Debug|Any CPU
		{60C52ECB-040C-1D69-2FB4-57B8E5566BD6}.Debug|Any CPU.Build.0 = Debug|Any CPU
		{60C52ECB-040C-1D69-2FB4-57B8E5566BD6}.Release|Any CPU.ActiveCfg = Release|Any CPU
		{60C52ECB-040C-1D69-2FB4-57B8E5566BD6}.Release|Any CPU.Build.0 = Release|Any CPU
		{AAC0B65C-7C24-2963-60CC-4A83C34285D1}.Debug|Any CPU.ActiveCfg = Debug|Any CPU
		{AAC0B65C-7C24-2963-60CC-4A83C34285D1}.Debug|Any CPU.Build.0 = Debug|Any CPU
		{AAC0B65C-7C24-2963-60CC-4A83C34285D1}.Release|Any CPU.ActiveCfg = Release|Any CPU
		{AAC0B65C-7C24-2963-60CC-4A83C34285D1}.Release|Any CPU.Build.0 = Release|Any CPU
		{4903C4EE-17AF-7B33-6486-3EEC6C8E63C3}.Debug|Any CPU.ActiveCfg = Debug|Any CPU
		{4903C4EE-17AF-7B33-6486-3EEC6C8E63C3}.Debug|Any CPU.Build.0 = Debug|Any CPU
		{4903C4EE-17AF-7B33-6486-3EEC6C8E63C3}.Release|Any CPU.ActiveCfg = Release|Any CPU
		{4903C4EE-17AF-7B33-6486-3EEC6C8E63C3}.Release|Any CPU.Build.0 = Release|Any CPU
		{BD073BAA-9B50-F79B-0094-12614B8BBAFC}.Debug|Any CPU.ActiveCfg = Debug|Any CPU
		{BD073BAA-9B50-F79B-0094-12614B8BBAFC}.Debug|Any CPU.Build.0 = Debug|Any CPU
		{BD073BAA-9B50-F79B-0094-12614B8BBAFC}.Release|Any CPU.ActiveCfg = Release|Any CPU
		{BD073BAA-9B50-F79B-0094-12614B8BBAFC}.Release|Any CPU.Build.0 = Release|Any CPU
		{45DBC891-9FBF-12CD-D12C-BEBB22343868}.Debug|Any CPU.ActiveCfg = Debug|Any CPU
		{45DBC891-9FBF-12CD-D12C-BEBB22343868}.Debug|Any CPU.Build.0 = Debug|Any CPU
		{45DBC891-9FBF-12CD-D12C-BEBB22343868}.Release|Any CPU.ActiveCfg = Release|Any CPU
		{45DBC891-9FBF-12CD-D12C-BEBB22343868}.Release|Any CPU.Build.0 = Release|Any CPU
		{F99DCCD4-1FAF-5718-879E-0503E781A15D}.Debug|Any CPU.ActiveCfg = Debug|Any CPU
		{F99DCCD4-1FAF-5718-879E-0503E781A15D}.Debug|Any CPU.Build.0 = Debug|Any CPU
		{F99DCCD4-1FAF-5718-879E-0503E781A15D}.Release|Any CPU.ActiveCfg = Release|Any CPU
		{F99DCCD4-1FAF-5718-879E-0503E781A15D}.Release|Any CPU.Build.0 = Release|Any CPU
		{1D0A060C-5508-6994-0B1E-64E0269268FD}.Debug|Any CPU.ActiveCfg = Debug|Any CPU
		{1D0A060C-5508-6994-0B1E-64E0269268FD}.Debug|Any CPU.Build.0 = Debug|Any CPU
		{1D0A060C-5508-6994-0B1E-64E0269268FD}.Release|Any CPU.ActiveCfg = Release|Any CPU
		{1D0A060C-5508-6994-0B1E-64E0269268FD}.Release|Any CPU.Build.0 = Release|Any CPU
		{9DA68F3F-62D6-28A3-F20A-43E6966CF49A}.Debug|Any CPU.ActiveCfg = Debug|Any CPU
		{9DA68F3F-62D6-28A3-F20A-43E6966CF49A}.Debug|Any CPU.Build.0 = Debug|Any CPU
		{9DA68F3F-62D6-28A3-F20A-43E6966CF49A}.Release|Any CPU.ActiveCfg = Release|Any CPU
		{9DA68F3F-62D6-28A3-F20A-43E6966CF49A}.Release|Any CPU.Build.0 = Release|Any CPU
		{95929246-E76C-632B-B3BA-847D20507D06}.Debug|Any CPU.ActiveCfg = Debug|Any CPU
		{95929246-E76C-632B-B3BA-847D20507D06}.Debug|Any CPU.Build.0 = Debug|Any CPU
		{95929246-E76C-632B-B3BA-847D20507D06}.Release|Any CPU.ActiveCfg = Release|Any CPU
		{95929246-E76C-632B-B3BA-847D20507D06}.Release|Any CPU.Build.0 = Release|Any CPU
		{E6BC53B9-6D72-7440-6839-421835A04C2D}.Debug|Any CPU.ActiveCfg = Debug|Any CPU
		{E6BC53B9-6D72-7440-6839-421835A04C2D}.Debug|Any CPU.Build.0 = Debug|Any CPU
		{E6BC53B9-6D72-7440-6839-421835A04C2D}.Release|Any CPU.ActiveCfg = Release|Any CPU
		{E6BC53B9-6D72-7440-6839-421835A04C2D}.Release|Any CPU.Build.0 = Release|Any CPU
		{0953768F-6752-170C-9730-95647A5A4A46}.Debug|Any CPU.ActiveCfg = Debug|Any CPU
		{0953768F-6752-170C-9730-95647A5A4A46}.Debug|Any CPU.Build.0 = Debug|Any CPU
		{0953768F-6752-170C-9730-95647A5A4A46}.Release|Any CPU.ActiveCfg = Release|Any CPU
		{0953768F-6752-170C-9730-95647A5A4A46}.Release|Any CPU.Build.0 = Release|Any CPU
		{78F887DF-994E-FCDA-7FCE-C88A764FA10C}.Debug|Any CPU.ActiveCfg = Debug|Any CPU
		{78F887DF-994E-FCDA-7FCE-C88A764FA10C}.Debug|Any CPU.Build.0 = Debug|Any CPU
		{78F887DF-994E-FCDA-7FCE-C88A764FA10C}.Release|Any CPU.ActiveCfg = Release|Any CPU
		{78F887DF-994E-FCDA-7FCE-C88A764FA10C}.Release|Any CPU.Build.0 = Release|Any CPU
		{C51912B3-DF2F-C59F-6218-57F2128CBEE2}.Debug|Any CPU.ActiveCfg = Debug|Any CPU
		{C51912B3-DF2F-C59F-6218-57F2128CBEE2}.Debug|Any CPU.Build.0 = Debug|Any CPU
		{C51912B3-DF2F-C59F-6218-57F2128CBEE2}.Release|Any CPU.ActiveCfg = Release|Any CPU
		{C51912B3-DF2F-C59F-6218-57F2128CBEE2}.Release|Any CPU.Build.0 = Release|Any CPU
		{43621768-49CB-DCA7-6176-054D3CEFFEDD}.Debug|Any CPU.ActiveCfg = Debug|Any CPU
		{43621768-49CB-DCA7-6176-054D3CEFFEDD}.Debug|Any CPU.Build.0 = Debug|Any CPU
		{43621768-49CB-DCA7-6176-054D3CEFFEDD}.Release|Any CPU.ActiveCfg = Release|Any CPU
		{43621768-49CB-DCA7-6176-054D3CEFFEDD}.Release|Any CPU.Build.0 = Release|Any CPU
		{4488E1CB-43FE-7D94-F37F-2A0258060AE9}.Debug|Any CPU.ActiveCfg = Debug|Any CPU
		{4488E1CB-43FE-7D94-F37F-2A0258060AE9}.Debug|Any CPU.Build.0 = Debug|Any CPU
		{4488E1CB-43FE-7D94-F37F-2A0258060AE9}.Release|Any CPU.ActiveCfg = Release|Any CPU
		{4488E1CB-43FE-7D94-F37F-2A0258060AE9}.Release|Any CPU.Build.0 = Release|Any CPU
		{9D3AC46E-FBD1-D8A7-B722-3AF79F1A50FC}.Debug|Any CPU.ActiveCfg = Debug|Any CPU
		{9D3AC46E-FBD1-D8A7-B722-3AF79F1A50FC}.Debug|Any CPU.Build.0 = Debug|Any CPU
		{9D3AC46E-FBD1-D8A7-B722-3AF79F1A50FC}.Release|Any CPU.ActiveCfg = Release|Any CPU
		{9D3AC46E-FBD1-D8A7-B722-3AF79F1A50FC}.Release|Any CPU.Build.0 = Release|Any CPU
		{6A5890E8-1F6F-B82F-10CA-A84085E61820}.Debug|Any CPU.ActiveCfg = Debug|Any CPU
		{6A5890E8-1F6F-B82F-10CA-A84085E61820}.Debug|Any CPU.Build.0 = Debug|Any CPU
		{6A5890E8-1F6F-B82F-10CA-A84085E61820}.Release|Any CPU.ActiveCfg = Release|Any CPU
		{6A5890E8-1F6F-B82F-10CA-A84085E61820}.Release|Any CPU.Build.0 = Release|Any CPU
		{BA299067-5DEB-5122-28B8-0E0155BF7181}.Debug|Any CPU.ActiveCfg = Debug|Any CPU
		{BA299067-5DEB-5122-28B8-0E0155BF7181}.Debug|Any CPU.Build.0 = Debug|Any CPU
		{BA299067-5DEB-5122-28B8-0E0155BF7181}.Release|Any CPU.ActiveCfg = Release|Any CPU
		{BA299067-5DEB-5122-28B8-0E0155BF7181}.Release|Any CPU.Build.0 = Release|Any CPU
		{818FD56A-9F8F-43D1-A94B-4496E7A2C8C5}.Debug|Any CPU.ActiveCfg = Debug|Any CPU
		{818FD56A-9F8F-43D1-A94B-4496E7A2C8C5}.Debug|Any CPU.Build.0 = Debug|Any CPU
		{818FD56A-9F8F-43D1-A94B-4496E7A2C8C5}.Release|Any CPU.ActiveCfg = Release|Any CPU
		{818FD56A-9F8F-43D1-A94B-4496E7A2C8C5}.Release|Any CPU.Build.0 = Release|Any CPU
		{CB2CD600-3D42-E27B-B921-82BA85FA07A6}.Debug|Any CPU.ActiveCfg = Debug|Any CPU
		{CB2CD600-3D42-E27B-B921-82BA85FA07A6}.Debug|Any CPU.Build.0 = Debug|Any CPU
		{CB2CD600-3D42-E27B-B921-82BA85FA07A6}.Release|Any CPU.ActiveCfg = Release|Any CPU
		{CB2CD600-3D42-E27B-B921-82BA85FA07A6}.Release|Any CPU.Build.0 = Release|Any CPU
		{EC097E64-5B80-113E-D31F-E13196E3DD36}.Debug|Any CPU.ActiveCfg = Debug|Any CPU
		{EC097E64-5B80-113E-D31F-E13196E3DD36}.Debug|Any CPU.Build.0 = Debug|Any CPU
		{EC097E64-5B80-113E-D31F-E13196E3DD36}.Release|Any CPU.ActiveCfg = Release|Any CPU
		{EC097E64-5B80-113E-D31F-E13196E3DD36}.Release|Any CPU.Build.0 = Release|Any CPU
		{F139EB27-8F14-132B-ACFC-DA87FFBA97E7}.Debug|Any CPU.ActiveCfg = Debug|Any CPU
		{F139EB27-8F14-132B-ACFC-DA87FFBA97E7}.Debug|Any CPU.Build.0 = Debug|Any CPU
		{F139EB27-8F14-132B-ACFC-DA87FFBA97E7}.Release|Any CPU.ActiveCfg = Release|Any CPU
		{F139EB27-8F14-132B-ACFC-DA87FFBA97E7}.Release|Any CPU.Build.0 = Release|Any CPU
		{3B7FBBB2-DDAD-28B9-B703-4DE7FB058E02}.Debug|Any CPU.ActiveCfg = Debug|Any CPU
		{3B7FBBB2-DDAD-28B9-B703-4DE7FB058E02}.Debug|Any CPU.Build.0 = Debug|Any CPU
		{3B7FBBB2-DDAD-28B9-B703-4DE7FB058E02}.Release|Any CPU.ActiveCfg = Release|Any CPU
		{3B7FBBB2-DDAD-28B9-B703-4DE7FB058E02}.Release|Any CPU.Build.0 = Release|Any CPU
		{C266C92D-5300-089E-4EE1-826EC5409405}.Debug|Any CPU.ActiveCfg = Debug|Any CPU
		{C266C92D-5300-089E-4EE1-826EC5409405}.Debug|Any CPU.Build.0 = Debug|Any CPU
		{C266C92D-5300-089E-4EE1-826EC5409405}.Release|Any CPU.ActiveCfg = Release|Any CPU
		{C266C92D-5300-089E-4EE1-826EC5409405}.Release|Any CPU.Build.0 = Release|Any CPU
		{A60BF68A-CCF9-0BF6-F381-F88E43A7872E}.Debug|Any CPU.ActiveCfg = Debug|Any CPU
		{A60BF68A-CCF9-0BF6-F381-F88E43A7872E}.Debug|Any CPU.Build.0 = Debug|Any CPU
		{A60BF68A-CCF9-0BF6-F381-F88E43A7872E}.Release|Any CPU.ActiveCfg = Release|Any CPU
		{A60BF68A-CCF9-0BF6-F381-F88E43A7872E}.Release|Any CPU.Build.0 = Release|Any CPU
		{16F73C35-53CD-7811-1DE5-FBE3F74E8239}.Debug|Any CPU.ActiveCfg = Debug|Any CPU
		{16F73C35-53CD-7811-1DE5-FBE3F74E8239}.Debug|Any CPU.Build.0 = Debug|Any CPU
		{16F73C35-53CD-7811-1DE5-FBE3F74E8239}.Release|Any CPU.ActiveCfg = Release|Any CPU
		{16F73C35-53CD-7811-1DE5-FBE3F74E8239}.Release|Any CPU.Build.0 = Release|Any CPU
		{74F95A2E-CBF5-CDEE-F02A-2ACADA61231E}.Debug|Any CPU.ActiveCfg = Debug|Any CPU
		{74F95A2E-CBF5-CDEE-F02A-2ACADA61231E}.Debug|Any CPU.Build.0 = Debug|Any CPU
		{74F95A2E-CBF5-CDEE-F02A-2ACADA61231E}.Release|Any CPU.ActiveCfg = Release|Any CPU
		{74F95A2E-CBF5-CDEE-F02A-2ACADA61231E}.Release|Any CPU.Build.0 = Release|Any CPU
		{3273AA32-5F00-983A-1BCA-A8DD8DBE9AC8}.Debug|Any CPU.ActiveCfg = Debug|Any CPU
		{3273AA32-5F00-983A-1BCA-A8DD8DBE9AC8}.Debug|Any CPU.Build.0 = Debug|Any CPU
		{3273AA32-5F00-983A-1BCA-A8DD8DBE9AC8}.Release|Any CPU.ActiveCfg = Release|Any CPU
		{3273AA32-5F00-983A-1BCA-A8DD8DBE9AC8}.Release|Any CPU.Build.0 = Release|Any CPU
		{F012EE01-4EFF-B350-C812-1B8DC04179E2}.Debug|Any CPU.ActiveCfg = Debug|Any CPU
		{F012EE01-4EFF-B350-C812-1B8DC04179E2}.Debug|Any CPU.Build.0 = Debug|Any CPU
		{F012EE01-4EFF-B350-C812-1B8DC04179E2}.Release|Any CPU.ActiveCfg = Release|Any CPU
		{F012EE01-4EFF-B350-C812-1B8DC04179E2}.Release|Any CPU.Build.0 = Release|Any CPU
		{6A53A0BB-4A75-5DE4-3C1D-B3A70C6521A3}.Debug|Any CPU.ActiveCfg = Debug|Any CPU
		{6A53A0BB-4A75-5DE4-3C1D-B3A70C6521A3}.Debug|Any CPU.Build.0 = Debug|Any CPU
		{6A53A0BB-4A75-5DE4-3C1D-B3A70C6521A3}.Release|Any CPU.ActiveCfg = Release|Any CPU
		{6A53A0BB-4A75-5DE4-3C1D-B3A70C6521A3}.Release|Any CPU.Build.0 = Release|Any CPU
		{E01B76B2-309B-418D-E656-7929D03265FC}.Debug|Any CPU.ActiveCfg = Debug|Any CPU
		{E01B76B2-309B-418D-E656-7929D03265FC}.Debug|Any CPU.Build.0 = Debug|Any CPU
		{E01B76B2-309B-418D-E656-7929D03265FC}.Release|Any CPU.ActiveCfg = Release|Any CPU
		{E01B76B2-309B-418D-E656-7929D03265FC}.Release|Any CPU.Build.0 = Release|Any CPU
		{DED9C9E2-D953-B694-42B6-E0D2921182ED}.Debug|Any CPU.ActiveCfg = Debug|Any CPU
		{DED9C9E2-D953-B694-42B6-E0D2921182ED}.Debug|Any CPU.Build.0 = Debug|Any CPU
		{DED9C9E2-D953-B694-42B6-E0D2921182ED}.Release|Any CPU.ActiveCfg = Release|Any CPU
		{DED9C9E2-D953-B694-42B6-E0D2921182ED}.Release|Any CPU.Build.0 = Release|Any CPU
		{16B54907-CBFF-C275-466F-5D3788873ABA}.Debug|Any CPU.ActiveCfg = Debug|Any CPU
		{16B54907-CBFF-C275-466F-5D3788873ABA}.Debug|Any CPU.Build.0 = Debug|Any CPU
		{16B54907-CBFF-C275-466F-5D3788873ABA}.Release|Any CPU.ActiveCfg = Release|Any CPU
		{16B54907-CBFF-C275-466F-5D3788873ABA}.Release|Any CPU.Build.0 = Release|Any CPU
		{31EF6C00-D93A-9E96-0E5A-8960A6BC2895}.Debug|Any CPU.ActiveCfg = Debug|Any CPU
		{31EF6C00-D93A-9E96-0E5A-8960A6BC2895}.Debug|Any CPU.Build.0 = Debug|Any CPU
		{31EF6C00-D93A-9E96-0E5A-8960A6BC2895}.Release|Any CPU.ActiveCfg = Release|Any CPU
		{31EF6C00-D93A-9E96-0E5A-8960A6BC2895}.Release|Any CPU.Build.0 = Release|Any CPU
		{D8A4D501-B017-5531-3890-311054EFE020}.Debug|Any CPU.ActiveCfg = Debug|Any CPU
		{D8A4D501-B017-5531-3890-311054EFE020}.Debug|Any CPU.Build.0 = Debug|Any CPU
		{D8A4D501-B017-5531-3890-311054EFE020}.Release|Any CPU.ActiveCfg = Release|Any CPU
		{D8A4D501-B017-5531-3890-311054EFE020}.Release|Any CPU.Build.0 = Release|Any CPU
		{9E69D349-8C69-025A-46A0-4ACF9D087F06}.Debug|Any CPU.ActiveCfg = Debug|Any CPU
		{9E69D349-8C69-025A-46A0-4ACF9D087F06}.Debug|Any CPU.Build.0 = Debug|Any CPU
		{9E69D349-8C69-025A-46A0-4ACF9D087F06}.Release|Any CPU.ActiveCfg = Release|Any CPU
		{9E69D349-8C69-025A-46A0-4ACF9D087F06}.Release|Any CPU.Build.0 = Release|Any CPU
		{35762CB4-C23C-406C-E36B-828DD8A1352C}.Debug|Any CPU.ActiveCfg = Debug|Any CPU
		{35762CB4-C23C-406C-E36B-828DD8A1352C}.Debug|Any CPU.Build.0 = Debug|Any CPU
		{35762CB4-C23C-406C-E36B-828DD8A1352C}.Release|Any CPU.ActiveCfg = Release|Any CPU
		{35762CB4-C23C-406C-E36B-828DD8A1352C}.Release|Any CPU.Build.0 = Release|Any CPU
		{F29E3210-77A4-8ECE-02AA-0CFD0AE91E63}.Debug|Any CPU.ActiveCfg = Debug|Any CPU
		{F29E3210-77A4-8ECE-02AA-0CFD0AE91E63}.Debug|Any CPU.Build.0 = Debug|Any CPU
		{F29E3210-77A4-8ECE-02AA-0CFD0AE91E63}.Release|Any CPU.ActiveCfg = Release|Any CPU
		{F29E3210-77A4-8ECE-02AA-0CFD0AE91E63}.Release|Any CPU.Build.0 = Release|Any CPU
		{5197F39A-F97F-D535-040D-2C80AFAE127C}.Debug|Any CPU.ActiveCfg = Debug|Any CPU
		{5197F39A-F97F-D535-040D-2C80AFAE127C}.Debug|Any CPU.Build.0 = Debug|Any CPU
		{5197F39A-F97F-D535-040D-2C80AFAE127C}.Release|Any CPU.ActiveCfg = Release|Any CPU
		{5197F39A-F97F-D535-040D-2C80AFAE127C}.Release|Any CPU.Build.0 = Release|Any CPU
		{ABE3FD35-86A5-2EB2-293C-8CEBBBEE41BA}.Debug|Any CPU.ActiveCfg = Debug|Any CPU
		{ABE3FD35-86A5-2EB2-293C-8CEBBBEE41BA}.Debug|Any CPU.Build.0 = Debug|Any CPU
		{ABE3FD35-86A5-2EB2-293C-8CEBBBEE41BA}.Release|Any CPU.ActiveCfg = Release|Any CPU
		{ABE3FD35-86A5-2EB2-293C-8CEBBBEE41BA}.Release|Any CPU.Build.0 = Release|Any CPU
		{95B32CE3-87A5-C51D-20BB-9F2719085FB5}.Debug|Any CPU.ActiveCfg = Debug|Any CPU
		{95B32CE3-87A5-C51D-20BB-9F2719085FB5}.Debug|Any CPU.Build.0 = Debug|Any CPU
		{95B32CE3-87A5-C51D-20BB-9F2719085FB5}.Release|Any CPU.ActiveCfg = Release|Any CPU
		{95B32CE3-87A5-C51D-20BB-9F2719085FB5}.Release|Any CPU.Build.0 = Release|Any CPU
		{A462ED81-2ED3-6BD2-4CF9-1D1631B533A2}.Debug|Any CPU.ActiveCfg = Debug|Any CPU
		{A462ED81-2ED3-6BD2-4CF9-1D1631B533A2}.Debug|Any CPU.Build.0 = Debug|Any CPU
		{A462ED81-2ED3-6BD2-4CF9-1D1631B533A2}.Release|Any CPU.ActiveCfg = Release|Any CPU
		{A462ED81-2ED3-6BD2-4CF9-1D1631B533A2}.Release|Any CPU.Build.0 = Release|Any CPU
		{485D86C2-EE77-2577-8C94-530DAF9E9DAE}.Debug|Any CPU.ActiveCfg = Debug|Any CPU
		{485D86C2-EE77-2577-8C94-530DAF9E9DAE}.Debug|Any CPU.Build.0 = Debug|Any CPU
		{485D86C2-EE77-2577-8C94-530DAF9E9DAE}.Release|Any CPU.ActiveCfg = Release|Any CPU
		{485D86C2-EE77-2577-8C94-530DAF9E9DAE}.Release|Any CPU.Build.0 = Release|Any CPU
		{9A3A0756-C746-B3C9-5818-9EABEBCE0E0C}.Debug|Any CPU.ActiveCfg = Debug|Any CPU
		{9A3A0756-C746-B3C9-5818-9EABEBCE0E0C}.Debug|Any CPU.Build.0 = Debug|Any CPU
		{9A3A0756-C746-B3C9-5818-9EABEBCE0E0C}.Release|Any CPU.ActiveCfg = Release|Any CPU
		{9A3A0756-C746-B3C9-5818-9EABEBCE0E0C}.Release|Any CPU.Build.0 = Release|Any CPU
		{70DC5A54-C837-4EEE-D212-A5D272876B63}.Debug|Any CPU.ActiveCfg = Debug|Any CPU
		{70DC5A54-C837-4EEE-D212-A5D272876B63}.Debug|Any CPU.Build.0 = Debug|Any CPU
		{70DC5A54-C837-4EEE-D212-A5D272876B63}.Release|Any CPU.ActiveCfg = Release|Any CPU
		{70DC5A54-C837-4EEE-D212-A5D272876B63}.Release|Any CPU.Build.0 = Release|Any CPU
		{77F58E5F-D243-F681-C5B1-6EE33FF17008}.Debug|Any CPU.ActiveCfg = Debug|Any CPU
		{77F58E5F-D243-F681-C5B1-6EE33FF17008}.Debug|Any CPU.Build.0 = Debug|Any CPU
		{77F58E5F-D243-F681-C5B1-6EE33FF17008}.Release|Any CPU.ActiveCfg = Release|Any CPU
		{77F58E5F-D243-F681-C5B1-6EE33FF17008}.Release|Any CPU.Build.0 = Release|Any CPU
		{2DDEAE63-0A6C-D5F5-B139-9D9117961FBB}.Debug|Any CPU.ActiveCfg = Debug|Any CPU
		{2DDEAE63-0A6C-D5F5-B139-9D9117961FBB}.Debug|Any CPU.Build.0 = Debug|Any CPU
		{2DDEAE63-0A6C-D5F5-B139-9D9117961FBB}.Release|Any CPU.ActiveCfg = Release|Any CPU
		{2DDEAE63-0A6C-D5F5-B139-9D9117961FBB}.Release|Any CPU.Build.0 = Release|Any CPU
		{9F3008E3-7024-F43A-B932-9DECBD11459D}.Debug|Any CPU.ActiveCfg = Debug|Any CPU
		{9F3008E3-7024-F43A-B932-9DECBD11459D}.Debug|Any CPU.Build.0 = Debug|Any CPU
		{9F3008E3-7024-F43A-B932-9DECBD11459D}.Release|Any CPU.ActiveCfg = Release|Any CPU
		{9F3008E3-7024-F43A-B932-9DECBD11459D}.Release|Any CPU.Build.0 = Release|Any CPU
	EndGlobalSection
	GlobalSection(SolutionProperties) = preSolution
		HideSolutionNode = FALSE
	EndGlobalSection
EndGlobal
